
Microsoft Visual Studio Solution File, Format Version 12.00
# Visual Studio Version 17
VisualStudioVersion = 17.9.34728.123
MinimumVisualStudioVersion = 10.0.40219.1
Project("{FAE04EC0-301F-11D3-BF4B-00C04F79EFBC}") = "lista1exe10", "lista1exe10\lista1exe10.csproj", "{E88A8947-F5C6-41EE-9DF9-05BDED8D7CEE}"
EndProject
Global
	GlobalSection(SolutionConfigurationPlatforms) = preSolution
		Debug|Any CPU = Debug|Any CPU
		Release|Any CPU = Release|Any CPU
	EndGlobalSection
	GlobalSection(ProjectConfigurationPlatforms) = postSolution
		{E88A8947-F5C6-41EE-9DF9-05BDED8D7CEE}.Debug|Any CPU.ActiveCfg = Debug|Any CPU
		{E88A8947-F5C6-41EE-9DF9-05BDED8D7CEE}.Debug|Any CPU.Build.0 = Debug|Any CPU
		{E88A8947-F5C6-41EE-9DF9-05BDED8D7CEE}.Release|Any CPU.ActiveCfg = Release|Any CPU
		{E88A8947-F5C6-41EE-9DF9-05BDED8D7CEE}.Release|Any CPU.Build.0 = Release|Any CPU
	EndGlobalSection
	GlobalSection(SolutionProperties) = preSolution
		HideSolutionNode = FALSE
	EndGlobalSection
	GlobalSection(ExtensibilityGlobals) = postSolution
		SolutionGuid = {E8CB4007-46A9-4184-BFC0-A7C12BB2CCCD}
	EndGlobalSection
EndGlobal
